
Microsoft Visual Studio Solution File, Format Version 12.00
# Visual Studio Version 16
VisualStudioVersion = 16.0.32002.261
MinimumVisualStudioVersion = 10.0.40219.1
Project("{FAE04EC0-301F-11D3-BF4B-00C04F79EFBC}") = "API Second Task", "API Second Task\API Second Task.csproj", "{78C9621D-3501-49D3-808E-AD365FD2988C}"
EndProject
Global
	GlobalSection(SolutionConfigurationPlatforms) = preSolution
		Debug|Any CPU = Debug|Any CPU
		Release|Any CPU = Release|Any CPU
	EndGlobalSection
	GlobalSection(ProjectConfigurationPlatforms) = postSolution
		{78C9621D-3501-49D3-808E-AD365FD2988C}.Debug|Any CPU.ActiveCfg = Debug|Any CPU
		{78C9621D-3501-49D3-808E-AD365FD2988C}.Debug|Any CPU.Build.0 = Debug|Any CPU
		{78C9621D-3501-49D3-808E-AD365FD2988C}.Release|Any CPU.ActiveCfg = Release|Any CPU
		{78C9621D-3501-49D3-808E-AD365FD2988C}.Release|Any CPU.Build.0 = Release|Any CPU
	EndGlobalSection
	GlobalSection(SolutionProperties) = preSolution
		HideSolutionNode = FALSE
	EndGlobalSection
	GlobalSection(ExtensibilityGlobals) = postSolution
		SolutionGuid = {2762EE49-84AC-49A6-B91D-0E2255A60D5D}
	EndGlobalSection
EndGlobal
